
Microsoft Visual Studio Solution File, Format Version 12.00
# Visual Studio Version 17
VisualStudioVersion = 17.0.31903.59
MinimumVisualStudioVersion = 10.0.40219.1
Project("{FAE04EC0-301F-11D3-BF4B-00C04F79EFBC}") = "BattleBuddy.Infrastructure", "BattleBuddy.Infrastructure\BattleBuddy.Infrastructure.csproj", "{01F28A60-0233-40B9-9047-B184DE2BC0E1}"
EndProject
Project("{FAE04EC0-301F-11D3-BF4B-00C04F79EFBC}") = "BattleBuddy.Infrastructure.Tests", "BattleBuddy.Infrastructure.Tests\BattleBuddy.Infrastructure.Tests.csproj", "{35C53E5F-7A25-45E8-819F-A5F899132ABE}"
EndProject
Project("{FAE04EC0-301F-11D3-BF4B-00C04F79EFBC}") = "BattleBuddy.Domain", "BattleBuddy.Domain\BattleBuddy.Domain.csproj", "{859771C2-009D-4D2D-BC3A-C0B401D91477}"
EndProject
Project("{FAE04EC0-301F-11D3-BF4B-00C04F79EFBC}") = "BattleBuddy.Application", "BattleBuddy.Application\BattleBuddy.Application.csproj", "{DEC1E0EA-BFC4-4B15-AE81-06387CAD7D87}"
EndProject
Project("{FAE04EC0-301F-11D3-BF4B-00C04F79EFBC}") = "BattleBuddy.Domain.Tests", "BattleBuddy.Domain.Tests\BattleBuddy.Domain.Tests.csproj", "{B5FF3973-2316-4442-A058-29ED13C1BE10}"
EndProject
Project("{FAE04EC0-301F-11D3-BF4B-00C04F79EFBC}") = "BattleBuddy.Application.Tests", "BattleBuddy.Application.Tests\BattleBuddy.Application.Tests.csproj", "{02608009-18FF-47DA-980C-DE62B23CDC15}"
EndProject
Project("{FAE04EC0-301F-11D3-BF4B-00C04F79EFBC}") = "BattleBuddy.Api", "BattleBuddy.Api\BattleBuddy.Api.csproj", "{086801DF-95EA-4E49-9C84-E6925F4FD1C1}"
EndProject
Global
	GlobalSection(SolutionConfigurationPlatforms) = preSolution
		Debug|Any CPU = Debug|Any CPU
		Debug|x64 = Debug|x64
		Debug|x86 = Debug|x86
		Release|Any CPU = Release|Any CPU
		Release|x64 = Release|x64
		Release|x86 = Release|x86
	EndGlobalSection
	GlobalSection(ProjectConfigurationPlatforms) = postSolution
		{01F28A60-0233-40B9-9047-B184DE2BC0E1}.Debug|Any CPU.ActiveCfg = Debug|Any CPU
		{01F28A60-0233-40B9-9047-B184DE2BC0E1}.Debug|Any CPU.Build.0 = Debug|Any CPU
		{01F28A60-0233-40B9-9047-B184DE2BC0E1}.Debug|x64.ActiveCfg = Debug|Any CPU
		{01F28A60-0233-40B9-9047-B184DE2BC0E1}.Debug|x64.Build.0 = Debug|Any CPU
		{01F28A60-0233-40B9-9047-B184DE2BC0E1}.Debug|x86.ActiveCfg = Debug|Any CPU
		{01F28A60-0233-40B9-9047-B184DE2BC0E1}.Debug|x86.Build.0 = Debug|Any CPU
		{01F28A60-0233-40B9-9047-B184DE2BC0E1}.Release|Any CPU.ActiveCfg = Release|Any CPU
		{01F28A60-0233-40B9-9047-B184DE2BC0E1}.Release|Any CPU.Build.0 = Release|Any CPU
		{01F28A60-0233-40B9-9047-B184DE2BC0E1}.Release|x64.ActiveCfg = Release|Any CPU
		{01F28A60-0233-40B9-9047-B184DE2BC0E1}.Release|x64.Build.0 = Release|Any CPU
		{01F28A60-0233-40B9-9047-B184DE2BC0E1}.Release|x86.ActiveCfg = Release|Any CPU
		{01F28A60-0233-40B9-9047-B184DE2BC0E1}.Release|x86.Build.0 = Release|Any CPU
		{35C53E5F-7A25-45E8-819F-A5F899132ABE}.Debug|Any CPU.ActiveCfg = Debug|Any CPU
		{35C53E5F-7A25-45E8-819F-A5F899132ABE}.Debug|Any CPU.Build.0 = Debug|Any CPU
		{35C53E5F-7A25-45E8-819F-A5F899132ABE}.Debug|x64.ActiveCfg = Debug|Any CPU
		{35C53E5F-7A25-45E8-819F-A5F899132ABE}.Debug|x64.Build.0 = Debug|Any CPU
		{35C53E5F-7A25-45E8-819F-A5F899132ABE}.Debug|x86.ActiveCfg = Debug|Any CPU
		{35C53E5F-7A25-45E8-819F-A5F899132ABE}.Debug|x86.Build.0 = Debug|Any CPU
		{35C53E5F-7A25-45E8-819F-A5F899132ABE}.Release|Any CPU.ActiveCfg = Release|Any CPU
		{35C53E5F-7A25-45E8-819F-A5F899132ABE}.Release|Any CPU.Build.0 = Release|Any CPU
		{35C53E5F-7A25-45E8-819F-A5F899132ABE}.Release|x64.ActiveCfg = Release|Any CPU
		{35C53E5F-7A25-45E8-819F-A5F899132ABE}.Release|x64.Build.0 = Release|Any CPU
		{35C53E5F-7A25-45E8-819F-A5F899132ABE}.Release|x86.ActiveCfg = Release|Any CPU
		{35C53E5F-7A25-45E8-819F-A5F899132ABE}.Release|x86.Build.0 = Release|Any CPU
		{859771C2-009D-4D2D-BC3A-C0B401D91477}.Debug|Any CPU.ActiveCfg = Debug|Any CPU
		{859771C2-009D-4D2D-BC3A-C0B401D91477}.Debug|Any CPU.Build.0 = Debug|Any CPU
		{859771C2-009D-4D2D-BC3A-C0B401D91477}.Debug|x64.ActiveCfg = Debug|Any CPU
		{859771C2-009D-4D2D-BC3A-C0B401D91477}.Debug|x64.Build.0 = Debug|Any CPU
		{859771C2-009D-4D2D-BC3A-C0B401D91477}.Debug|x86.ActiveCfg = Debug|Any CPU
		{859771C2-009D-4D2D-BC3A-C0B401D91477}.Debug|x86.Build.0 = Debug|Any CPU
		{859771C2-009D-4D2D-BC3A-C0B401D91477}.Release|Any CPU.ActiveCfg = Release|Any CPU
		{859771C2-009D-4D2D-BC3A-C0B401D91477}.Release|Any CPU.Build.0 = Release|Any CPU
		{859771C2-009D-4D2D-BC3A-C0B401D91477}.Release|x64.ActiveCfg = Release|Any CPU
		{859771C2-009D-4D2D-BC3A-C0B401D91477}.Release|x64.Build.0 = Release|Any CPU
		{859771C2-009D-4D2D-BC3A-C0B401D91477}.Release|x86.ActiveCfg = Release|Any CPU
		{859771C2-009D-4D2D-BC3A-C0B401D91477}.Release|x86.Build.0 = Release|Any CPU
		{DEC1E0EA-BFC4-4B15-AE81-06387CAD7D87}.Debug|Any CPU.ActiveCfg = Debug|Any CPU
		{DEC1E0EA-BFC4-4B15-AE81-06387CAD7D87}.Debug|Any CPU.Build.0 = Debug|Any CPU
		{DEC1E0EA-BFC4-4B15-AE81-06387CAD7D87}.Debug|x64.ActiveCfg = Debug|Any CPU
		{DEC1E0EA-BFC4-4B15-AE81-06387CAD7D87}.Debug|x64.Build.0 = Debug|Any CPU
		{DEC1E0EA-BFC4-4B15-AE81-06387CAD7D87}.Debug|x86.ActiveCfg = Debug|Any CPU
		{DEC1E0EA-BFC4-4B15-AE81-06387CAD7D87}.Debug|x86.Build.0 = Debug|Any CPU
		{DEC1E0EA-BFC4-4B15-AE81-06387CAD7D87}.Release|Any CPU.ActiveCfg = Release|Any CPU
		{DEC1E0EA-BFC4-4B15-AE81-06387CAD7D87}.Release|Any CPU.Build.0 = Release|Any CPU
		{DEC1E0EA-BFC4-4B15-AE81-06387CAD7D87}.Release|x64.ActiveCfg = Release|Any CPU
		{DEC1E0EA-BFC4-4B15-AE81-06387CAD7D87}.Release|x64.Build.0 = Release|Any CPU
		{DEC1E0EA-BFC4-4B15-AE81-06387CAD7D87}.Release|x86.ActiveCfg = Release|Any CPU
		{DEC1E0EA-BFC4-4B15-AE81-06387CAD7D87}.Release|x86.Build.0 = Release|Any CPU
		{B5FF3973-2316-4442-A058-29ED13C1BE10}.Debug|Any CPU.ActiveCfg = Debug|Any CPU
		{B5FF3973-2316-4442-A058-29ED13C1BE10}.Debug|Any CPU.Build.0 = Debug|Any CPU
		{B5FF3973-2316-4442-A058-29ED13C1BE10}.Debug|x64.ActiveCfg = Debug|Any CPU
		{B5FF3973-2316-4442-A058-29ED13C1BE10}.Debug|x64.Build.0 = Debug|Any CPU
		{B5FF3973-2316-4442-A058-29ED13C1BE10}.Debug|x86.ActiveCfg = Debug|Any CPU
		{B5FF3973-2316-4442-A058-29ED13C1BE10}.Debug|x86.Build.0 = Debug|Any CPU
		{B5FF3973-2316-4442-A058-29ED13C1BE10}.Release|Any CPU.ActiveCfg = Release|Any CPU
		{B5FF3973-2316-4442-A058-29ED13C1BE10}.Release|Any CPU.Build.0 = Release|Any CPU
		{B5FF3973-2316-4442-A058-29ED13C1BE10}.Release|x64.ActiveCfg = Release|Any CPU
		{B5FF3973-2316-4442-A058-29ED13C1BE10}.Release|x64.Build.0 = Release|Any CPU
		{B5FF3973-2316-4442-A058-29ED13C1BE10}.Release|x86.ActiveCfg = Release|Any CPU
		{B5FF3973-2316-4442-A058-29ED13C1BE10}.Release|x86.Build.0 = Release|Any CPU
		{02608009-18FF-47DA-980C-DE62B23CDC15}.Debug|Any CPU.ActiveCfg = Debug|Any CPU
		{02608009-18FF-47DA-980C-DE62B23CDC15}.Debug|Any CPU.Build.0 = Debug|Any CPU
		{02608009-18FF-47DA-980C-DE62B23CDC15}.Debug|x64.ActiveCfg = Debug|Any CPU
		{02608009-18FF-47DA-980C-DE62B23CDC15}.Debug|x64.Build.0 = Debug|Any CPU
		{02608009-18FF-47DA-980C-DE62B23CDC15}.Debug|x86.ActiveCfg = Debug|Any CPU
		{02608009-18FF-47DA-980C-DE62B23CDC15}.Debug|x86.Build.0 = Debug|Any CPU
		{02608009-18FF-47DA-980C-DE62B23CDC15}.Release|Any CPU.ActiveCfg = Release|Any CPU
		{02608009-18FF-47DA-980C-DE62B23CDC15}.Release|Any CPU.Build.0 = Release|Any CPU
		{02608009-18FF-47DA-980C-DE62B23CDC15}.Release|x64.ActiveCfg = Release|Any CPU
		{02608009-18FF-47DA-980C-DE62B23CDC15}.Release|x64.Build.0 = Release|Any CPU
		{02608009-18FF-47DA-980C-DE62B23CDC15}.Release|x86.ActiveCfg = Release|Any CPU
		{02608009-18FF-47DA-980C-DE62B23CDC15}.Release|x86.Build.0 = Release|Any CPU
		{086801DF-95EA-4E49-9C84-E6925F4FD1C1}.Debug|Any CPU.ActiveCfg = Debug|Any CPU
		{086801DF-95EA-4E49-9C84-E6925F4FD1C1}.Debug|Any CPU.Build.0 = Debug|Any CPU
		{086801DF-95EA-4E49-9C84-E6925F4FD1C1}.Debug|x64.ActiveCfg = Debug|Any CPU
		{086801DF-95EA-4E49-9C84-E6925F4FD1C1}.Debug|x64.Build.0 = Debug|Any CPU
		{086801DF-95EA-4E49-9C84-E6925F4FD1C1}.Debug|x86.ActiveCfg = Debug|Any CPU
		{086801DF-95EA-4E49-9C84-E6925F4FD1C1}.Debug|x86.Build.0 = Debug|Any CPU
		{086801DF-95EA-4E49-9C84-E6925F4FD1C1}.Release|Any CPU.ActiveCfg = Release|Any CPU
		{086801DF-95EA-4E49-9C84-E6925F4FD1C1}.Release|Any CPU.Build.0 = Release|Any CPU
		{086801DF-95EA-4E49-9C84-E6925F4FD1C1}.Release|x64.ActiveCfg = Release|Any CPU
		{086801DF-95EA-4E49-9C84-E6925F4FD1C1}.Release|x64.Build.0 = Release|Any CPU
		{086801DF-95EA-4E49-9C84-E6925F4FD1C1}.Release|x86.ActiveCfg = Release|Any CPU
		{086801DF-95EA-4E49-9C84-E6925F4FD1C1}.Release|x86.Build.0 = Release|Any CPU
	EndGlobalSection
	GlobalSection(SolutionProperties) = preSolution
		HideSolutionNode = FALSE
	EndGlobalSection
EndGlobal
